
Microsoft Visual Studio Solution File, Format Version 12.00
# Visual Studio Version 17
VisualStudioVersion = 17.5.002.0
MinimumVisualStudioVersion = 10.0.40219.1
Project("{9A19103F-16F7-4668-BE54-9A1E7A4F7556}") = "csharp_0", "csharp_0.csproj", "{C098DA9C-B673-4BD7-A101-878FCED7ED67}"
EndProject
Global
	GlobalSection(SolutionConfigurationPlatforms) = preSolution
		Debug|Any CPU = Debug|Any CPU
		Release|Any CPU = Release|Any CPU
	EndGlobalSection
	GlobalSection(ProjectConfigurationPlatforms) = postSolution
		{C098DA9C-B673-4BD7-A101-878FCED7ED67}.Debug|Any CPU.ActiveCfg = Debug|Any CPU
		{C098DA9C-B673-4BD7-A101-878FCED7ED67}.Debug|Any CPU.Build.0 = Debug|Any CPU
		{C098DA9C-B673-4BD7-A101-878FCED7ED67}.Release|Any CPU.ActiveCfg = Release|Any CPU
		{C098DA9C-B673-4BD7-A101-878FCED7ED67}.Release|Any CPU.Build.0 = Release|Any CPU
	EndGlobalSection
	GlobalSection(SolutionProperties) = preSolution
		HideSolutionNode = FALSE
	EndGlobalSection
	GlobalSection(ExtensibilityGlobals) = postSolution
		SolutionGuid = {42E45200-9A56-4CE8-B503-3381D619856E}
	EndGlobalSection
EndGlobal
