
Microsoft Visual Studio Solution File, Format Version 12.00
# Visual Studio Version 17
VisualStudioVersion = 17.5.002.0
MinimumVisualStudioVersion = 10.0.40219.1
Project("{9A19103F-16F7-4668-BE54-9A1E7A4F7556}") = "createException", "createException.csproj", "{D7C891B6-C0CF-4EEB-A759-A5E683B1577B}"
EndProject
Global
	GlobalSection(SolutionConfigurationPlatforms) = preSolution
		Debug|Any CPU = Debug|Any CPU
		Release|Any CPU = Release|Any CPU
	EndGlobalSection
	GlobalSection(ProjectConfigurationPlatforms) = postSolution
		{D7C891B6-C0CF-4EEB-A759-A5E683B1577B}.Debug|Any CPU.ActiveCfg = Debug|Any CPU
		{D7C891B6-C0CF-4EEB-A759-A5E683B1577B}.Debug|Any CPU.Build.0 = Debug|Any CPU
		{D7C891B6-C0CF-4EEB-A759-A5E683B1577B}.Release|Any CPU.ActiveCfg = Release|Any CPU
		{D7C891B6-C0CF-4EEB-A759-A5E683B1577B}.Release|Any CPU.Build.0 = Release|Any CPU
	EndGlobalSection
	GlobalSection(SolutionProperties) = preSolution
		HideSolutionNode = FALSE
	EndGlobalSection
	GlobalSection(ExtensibilityGlobals) = postSolution
		SolutionGuid = {BD362803-49A4-48D7-A4EC-A62596121B50}
	EndGlobalSection
EndGlobal
