
Microsoft Visual Studio Solution File, Format Version 12.00
# Visual Studio Version 17
VisualStudioVersion = 17.5.002.0
MinimumVisualStudioVersion = 10.0.40219.1
Project("{9A19103F-16F7-4668-BE54-9A1E7A4F7556}") = "FaroShuffleLinq", "FaroShuffleLinq.csproj", "{A46E279E-C418-4DF1-BDCB-5CEDEE627193}"
EndProject
Global
	GlobalSection(SolutionConfigurationPlatforms) = preSolution
		Debug|Any CPU = Debug|Any CPU
		Release|Any CPU = Release|Any CPU
	EndGlobalSection
	GlobalSection(ProjectConfigurationPlatforms) = postSolution
		{A46E279E-C418-4DF1-BDCB-5CEDEE627193}.Debug|Any CPU.ActiveCfg = Debug|Any CPU
		{A46E279E-C418-4DF1-BDCB-5CEDEE627193}.Debug|Any CPU.Build.0 = Debug|Any CPU
		{A46E279E-C418-4DF1-BDCB-5CEDEE627193}.Release|Any CPU.ActiveCfg = Release|Any CPU
		{A46E279E-C418-4DF1-BDCB-5CEDEE627193}.Release|Any CPU.Build.0 = Release|Any CPU
	EndGlobalSection
	GlobalSection(SolutionProperties) = preSolution
		HideSolutionNode = FALSE
	EndGlobalSection
	GlobalSection(ExtensibilityGlobals) = postSolution
		SolutionGuid = {F5C0E75A-989D-4024-94BD-811FBA7A20B8}
	EndGlobalSection
EndGlobal
