
Microsoft Visual Studio Solution File, Format Version 12.00
# Visual Studio Version 17
VisualStudioVersion = 17.8.34511.84
MinimumVisualStudioVersion = 10.0.40219.1
Project("{FAE04EC0-301F-11D3-BF4B-00C04F79EFBC}") = "DESKTOP_I_[02]", "DESKTOP_I_[02]\DESKTOP_I_[02].csproj", "{9F2CD928-86D8-450D-B5FF-414479E5C693}"
EndProject
Global
	GlobalSection(SolutionConfigurationPlatforms) = preSolution
		Debug|Any CPU = Debug|Any CPU
		Release|Any CPU = Release|Any CPU
	EndGlobalSection
	GlobalSection(ProjectConfigurationPlatforms) = postSolution
		{9F2CD928-86D8-450D-B5FF-414479E5C693}.Debug|Any CPU.ActiveCfg = Debug|Any CPU
		{9F2CD928-86D8-450D-B5FF-414479E5C693}.Debug|Any CPU.Build.0 = Debug|Any CPU
		{9F2CD928-86D8-450D-B5FF-414479E5C693}.Release|Any CPU.ActiveCfg = Release|Any CPU
		{9F2CD928-86D8-450D-B5FF-414479E5C693}.Release|Any CPU.Build.0 = Release|Any CPU
	EndGlobalSection
	GlobalSection(SolutionProperties) = preSolution
		HideSolutionNode = FALSE
	EndGlobalSection
	GlobalSection(ExtensibilityGlobals) = postSolution
		SolutionGuid = {680BA3C2-9AC8-43B8-A343-BB1D2AE5A545}
	EndGlobalSection
EndGlobal
